PODS:
  - CrittercismSDK (4.3.7)
  - Dropbox-iOS-SDK (1.3.11)
  - Evernote-SDK-iOS (1.3.1):
    - SSKeychain (~> 1.2.2)
  - FFCircularProgressView (0.5)
  - JLRoutes (1.5.1)
  - NLCoreData (0.5.3)
  - SSKeychain (1.2.2)
  - SVProgressHUD (HEAD based on 1.0)
  - uservoice-iphone-sdk (2.0.15)

DEPENDENCIES:
  - CrittercismSDK
  - Dropbox-iOS-SDK
  - Evernote-SDK-iOS
  - FFCircularProgressView
  - JLRoutes
  - NLCoreData
  - SVProgressHUD (HEAD)
  - uservoice-iphone-sdk (~> 2.0)

SPEC CHECKSUMS:
  CrittercismSDK: 4da8d0e407fb1ef29eef98678c1f90be4943b85e
  Dropbox-iOS-SDK: 3bd81e7abfeb66b8fced09768db0166286a90f3f
  Evernote-SDK-iOS: 92f4eb30d74d2fb3b495fe216d73aac67a68e6d3
  FFCircularProgressView: 723b7a84c412b5d9d2a5531bc716b99965ad7192
  JLRoutes: 3400fe314fc01c861a14ff7e183d209b0cd302ae
  NLCoreData: c31ca2e6d5a2564bded820b5d202d08b4f243099
  SSKeychain: cc48bd3ad24fcd9125adb9e0d23dd50b8bbd08b9
  SVProgressHUD: 5034c6e22b8c2ca3e09402e48d41ed0340aa1c50
  uservoice-iphone-sdk: 7944097ed97488fa4763987729f4db6e28c2be04

COCOAPODS: 0.33.1
